
Microsoft Visual Studio Solution File, Format Version 12.00
# Visual Studio 2013
VisualStudioVersion = 12.0.30501.0
MinimumVisualStudioVersion = 10.0.40219.1
Project("{F184B08F-C81C-45F6-A57F-5ABD9991F28F}") = "MySqlPlugIn", "MySqlPlugIn.vbproj", "{F5358DBD-1728-405F-A1A6-D13C71EA95CC}"
EndProject
Global
	GlobalSection(SolutionConfigurationPlatforms) = preSolution
		Debug|Any CPU = Debug|Any CPU
		Release|Any CPU = Release|Any CPU
	EndGlobalSection
	GlobalSection(ProjectConfigurationPlatforms) = postSolution
		{F5358DBD-1728-405F-A1A6-D13C71EA95CC}.Debug|Any CPU.ActiveCfg = Debug|Any CPU
		{F5358DBD-1728-405F-A1A6-D13C71EA95CC}.Debug|Any CPU.Build.0 = Debug|Any CPU
		{F5358DBD-1728-405F-A1A6-D13C71EA95CC}.Release|Any CPU.ActiveCfg = Release|Any CPU
		{F5358DBD-1728-405F-A1A6-D13C71EA95CC}.Release|Any CPU.Build.0 = Release|Any CPU
	EndGlobalSection
	GlobalSection(SolutionProperties) = preSolution
		HideSolutionNode = FALSE
	EndGlobalSection
EndGlobal
